
Microsoft Visual Studio Solution File, Format Version 12.00
# Visual Studio Version 17
VisualStudioVersion = 17.3.32819.101
MinimumVisualStudioVersion = 10.0.40219.1
Project("{FAE04EC0-301F-11D3-BF4B-00C04F79EFBC}") = "HelloWorld", "HelloWorld\HelloWorld.csproj", "{9178602D-B9FE-4F37-8324-1507184684B7}"
EndProject
Global
	GlobalSection(SolutionConfigurationPlatforms) = preSolution
		Debug|Any CPU = Debug|Any CPU
		Release|Any CPU = Release|Any CPU
	EndGlobalSection
	GlobalSection(ProjectConfigurationPlatforms) = postSolution
		{9178602D-B9FE-4F37-8324-1507184684B7}.Debug|Any CPU.ActiveCfg = Debug|Any CPU
		{9178602D-B9FE-4F37-8324-1507184684B7}.Debug|Any CPU.Build.0 = Debug|Any CPU
		{9178602D-B9FE-4F37-8324-1507184684B7}.Release|Any CPU.ActiveCfg = Release|Any CPU
		{9178602D-B9FE-4F37-8324-1507184684B7}.Release|Any CPU.Build.0 = Release|Any CPU
	EndGlobalSection
	GlobalSection(SolutionProperties) = preSolution
		HideSolutionNode = FALSE
	EndGlobalSection
	GlobalSection(ExtensibilityGlobals) = postSolution
		SolutionGuid = {B46FC827-57D1-41F1-88CE-1AB45AA74FE2}
	EndGlobalSection
EndGlobal
